
Microsoft Visual Studio Solution File, Format Version 12.00
# Visual Studio 15
VisualStudioVersion = 15.0.28307.902
MinimumVisualStudioVersion = 10.0.40219.1
Project("{8BC9CEB8-8B4A-11D0-8D11-00A0C91BC942}") = "ComputacaoGrafica_uerj", "ComputacaoGrafica_uerj\ComputacaoGrafica_uerj.vcxproj", "{8F50339E-4761-4937-9297-41FB1D940DBD}"
EndProject
Global
	GlobalSection(SolutionConfigurationPlatforms) = preSolution
		Debug|x64 = Debug|x64
		Debug|x86 = Debug|x86
		Release|x64 = Release|x64
		Release|x86 = Release|x86
	EndGlobalSection
	GlobalSection(ProjectConfigurationPlatforms) = postSolution
		{8F50339E-4761-4937-9297-41FB1D940DBD}.Debug|x64.ActiveCfg = Debug|x64
		{8F50339E-4761-4937-9297-41FB1D940DBD}.Debug|x64.Build.0 = Debug|x64
		{8F50339E-4761-4937-9297-41FB1D940DBD}.Debug|x86.ActiveCfg = Debug|Win32
		{8F50339E-4761-4937-9297-41FB1D940DBD}.Debug|x86.Build.0 = Debug|Win32
		{8F50339E-4761-4937-9297-41FB1D940DBD}.Release|x64.ActiveCfg = Release|x64
		{8F50339E-4761-4937-9297-41FB1D940DBD}.Release|x64.Build.0 = Release|x64
		{8F50339E-4761-4937-9297-41FB1D940DBD}.Release|x86.ActiveCfg = Release|Win32
		{8F50339E-4761-4937-9297-41FB1D940DBD}.Release|x86.Build.0 = Release|Win32
	EndGlobalSection
	GlobalSection(SolutionProperties) = preSolution
		HideSolutionNode = FALSE
	EndGlobalSection
	GlobalSection(ExtensibilityGlobals) = postSolution
		SolutionGuid = {6558F5E3-4778-41F1-A0A1-1DC640C008BC}
	EndGlobalSection
EndGlobal
